// !$*UTF8*$!
{
	archiveVersion = 1;
	classes = {
	};
	objectVersion = 46;
	objects = {

/* Begin PBXBuildFile section */
		33AA23B2182184DA00855D97 /* TimeLineButton.m in Sources */ = {isa = PBXBuildFile; fileRef = 33AA23B1182184DA00855D97 /* TimeLineButton.m */; };
		91A21D961821043200DB508B /* Foundation.framework in Frameworks */ = {isa = PBXBuildFile; fileRef = 91A21D951821043200DB508B /* Foundation.framework */; };
		91A21D981821043200DB508B /* CoreGraphics.framework in Frameworks */ = {isa = PBXBuildFile; fileRef = 91A21D971821043200DB508B /* CoreGraphics.framework */; };
		91A21D9A1821043200DB508B /* UIKit.framework in Frameworks */ = {isa = PBXBuildFile; fileRef = 91A21D991821043200DB508B /* UIKit.framework */; };
		91A21DA01821043300DB508B /* InfoPlist.strings in Resources */ = {isa = PBXBuildFile; fileRef = 91A21D9E1821043300DB508B /* InfoPlist.strings */; };
		91A21DA21821043300DB508B /* main.m in Sources */ = {isa = PBXBuildFile; fileRef = 91A21DA11821043300DB508B /* main.m */; };
		91A21DA61821043300DB508B /* PPAppDelegate.m in Sources */ = {isa = PBXBuildFile; fileRef = 91A21DA51821043300DB508B /* PPAppDelegate.m */; };
		91A21DA81821043300DB508B /* Images.xcassets in Resources */ = {isa = PBXBuildFile; fileRef = 91A21DA71821043300DB508B /* Images.xcassets */; };
		91A21DAF1821043300DB508B /* XCTest.framework in Frameworks */ = {isa = PBXBuildFile; fileRef = 91A21DAE1821043300DB508B /* XCTest.framework */; };
		91A21DB01821043300DB508B /* Foundation.framework in Frameworks */ = {isa = PBXBuildFile; fileRef = 91A21D951821043200DB508B /* Foundation.framework */; };
		91A21DB11821043300DB508B /* UIKit.framework in Frameworks */ = {isa = PBXBuildFile; fileRef = 91A21D991821043200DB508B /* UIKit.framework */; };
		91A21DB91821043300DB508B /* InfoPlist.strings in Resources */ = {isa = PBXBuildFile; fileRef = 91A21DB71821043300DB508B /* InfoPlist.strings */; };
		91A21DBB1821043300DB508B /* TimeLineTests.m in Sources */ = {isa = PBXBuildFile; fileRef = 91A21DBA1821043300DB508B /* TimeLineTests.m */; };
		91A21DC71821045C00DB508B /* TimeLineViewController.m in Sources */ = {isa = PBXBuildFile; fileRef = 91A21DC51821045C00DB508B /* TimeLineViewController.m */; };
		91A21DC81821045C00DB508B /* TimeLineViewController.xib in Resources */ = {isa = PBXBuildFile; fileRef = 91A21DC61821045C00DB508B /* TimeLineViewController.xib */; };
		91A21DCB1821079B00DB508B /* TimeLineView.m in Sources */ = {isa = PBXBuildFile; fileRef = 91A21DCA1821079B00DB508B /* TimeLineView.m */; };
		91B7A7A81833C82300D01519 /* iCarousel.m in Sources */ = {isa = PBXBuildFile; fileRef = 91B7A7A71833C82300D01519 /* iCarousel.m */; };
		91B7A7AA1833C82E00D01519 /* QuartzCore.framework in Frameworks */ = {isa = PBXBuildFile; fileRef = 91B7A7A91833C82E00D01519 /* QuartzCore.framework */; };
		91B7A7AC1833C96100D01519 /* page.png in Resources */ = {isa = PBXBuildFile; fileRef = 91B7A7AB1833C96100D01519 /* page.png */; };
/* End PBXBuildFile section */

/* Begin PBXContainerItemProxy section */
		91A21DB21821043300DB508B /* PBXContainerItemProxy */ = {
			isa = PBXContainerItemProxy;
			containerPortal = 91A21D8A1821043200DB508B /* Project object */;
			proxyType = 1;
			remoteGlobalIDString = 91A21D911821043200DB508B;
			remoteInfo = TimeLine;
		};
/* End PBXContainerItemProxy section */

/* Begin PBXFileReference section */
		33AA23B0182184DA00855D97 /* TimeLineButton.h */ = {isa = PBXFileReference; fileEncoding = 4; lastKnownFileType = sourcecode.c.h; path = TimeLineButton.h; sourceTree = "<group>"; };
		33AA23B1182184DA00855D97 /* TimeLineButton.m */ = {isa = PBXFileReference; fileEncoding = 4; lastKnownFileType = sourcecode.c.objc; path = TimeLineButton.m; sourceTree = "<group>"; };
		91A21D921821043200DB508B /* TimeLine.app */ = {isa = PBXFileReference; explicitFileType = wrapper.application; includeInIndex = 0; path = TimeLine.app; sourceTree = BUILT_PRODUCTS_DIR; };
		91A21D951821043200DB508B /* Foundation.framework */ = {isa = PBXFileReference; lastKnownFileType = wrapper.framework; name = Foundation.framework; path = System/Library/Frameworks/Foundation.framework; sourceTree = SDKROOT; };
		91A21D971821043200DB508B /* CoreGraphics.framework */ = {isa = PBXFileReference; lastKnownFileType = wrapper.framework; name = CoreGraphics.framework; path = System/Library/Frameworks/CoreGraphics.framework; sourceTree = SDKROOT; };
		91A21D991821043200DB508B /* UIKit.framework */ = {isa = PBXFileReference; lastKnownFileType = wrapper.framework; name = UIKit.framework; path = System/Library/Frameworks/UIKit.framework; sourceTree = SDKROOT; };
		91A21D9D1821043200DB508B /* TimeLine-Info.plist */ = {isa = PBXFileReference; lastKnownFileType = text.plist.xml; path = "TimeLine-Info.plist"; sourceTree = "<group>"; };
		91A21D9F1821043300DB508B /* en */ = {isa = PBXFileReference; lastKnownFileType = text.plist.strings; name = en; path = en.lproj/InfoPlist.strings; sourceTree = "<group>"; };
		91A21DA11821043300DB508B /* main.m */ = {isa = PBXFileReference; lastKnownFileType = sourcecode.c.objc; path = main.m; sourceTree = "<group>"; };
		91A21DA31821043300DB508B /* TimeLine-Prefix.pch */ = {isa = PBXFileReference; lastKnownFileType = sourcecode.c.h; path = "TimeLine-Prefix.pch"; sourceTree = "<group>"; };
		91A21DA41821043300DB508B /* PPAppDelegate.h */ = {isa = PBXFileReference; lastKnownFileType = sourcecode.c.h; path = PPAppDelegate.h; sourceTree = "<group>"; };
		91A21DA51821043300DB508B /* PPAppDelegate.m */ = {isa = PBXFileReference; lastKnownFileType = sourcecode.c.objc; path = PPAppDelegate.m; sourceTree = "<group>"; };
		91A21DA71821043300DB508B /* Images.xcassets */ = {isa = PBXFileReference; lastKnownFileType = folder.assetcatalog; path = Images.xcassets; sourceTree = "<group>"; };
		91A21DAD1821043300DB508B /* TimeLineTests.xctest */ = {isa = PBXFileReference; explicitFileType = wrapper.cfbundle; includeInIndex = 0; path = TimeLineTests.xctest; sourceTree = BUILT_PRODUCTS_DIR; };
		91A21DAE1821043300DB508B /* XCTest.framework */ = {isa = PBXFileReference; lastKnownFileType = wrapper.framework; name = XCTest.framework; path = Library/Frameworks/XCTest.framework; sourceTree = DEVELOPER_DIR; };
		91A21DB61821043300DB508B /* TimeLineTests-Info.plist */ = {isa = PBXFileReference; lastKnownFileType = text.plist.xml; path = "TimeLineTests-Info.plist"; sourceTree = "<group>"; };
		91A21DB81821043300DB508B /* en */ = {isa = PBXFileReference; lastKnownFileType = text.plist.strings; name = en; path = en.lproj/InfoPlist.strings; sourceTree = "<group>"; };
		91A21DBA1821043300DB508B /* TimeLineTests.m */ = {isa = PBXFileReference; lastKnownFileType = sourcecode.c.objc; path = TimeLineTests.m; sourceTree = "<group>"; };
		91A21DC41821045C00DB508B /* TimeLineViewController.h */ = {isa = PBXFileReference; fileEncoding = 4; lastKnownFileType = sourcecode.c.h; path = TimeLineViewController.h; sourceTree = "<group>"; };
		91A21DC51821045C00DB508B /* TimeLineViewController.m */ = {isa = PBXFileReference; fileEncoding = 4; lastKnownFileType = sourcecode.c.objc; path = TimeLineViewController.m; sourceTree = "<group>"; };
		91A21DC61821045C00DB508B /* TimeLineViewController.xib */ = {isa = PBXFileReference; fileEncoding = 4; lastKnownFileType = file.xib; path = TimeLineViewController.xib; sourceTree = "<group>"; };
		91A21DC91821079B00DB508B /* TimeLineView.h */ = {isa = PBXFileReference; fileEncoding = 4; lastKnownFileType = sourcecode.c.h; path = TimeLineView.h; sourceTree = "<group>"; };
		91A21DCA1821079B00DB508B /* TimeLineView.m */ = {isa = PBXFileReference; fileEncoding = 4; lastKnownFileType = sourcecode.c.objc; path = TimeLineView.m; sourceTree = "<group>"; };
		91B7A7A61833C82300D01519 /* iCarousel.h */ = {isa = PBXFileReference; fileEncoding = 4; lastKnownFileType = sourcecode.c.h; path = iCarousel.h; sourceTree = "<group>"; };
		91B7A7A71833C82300D01519 /* iCarousel.m */ = {isa = PBXFileReference; fileEncoding = 4; lastKnownFileType = sourcecode.c.objc; path = iCarousel.m; sourceTree = "<group>"; };
		91B7A7A91833C82E00D01519 /* QuartzCore.framework */ = {isa = PBXFileReference; lastKnownFileType = wrapper.framework; name = QuartzCore.framework; path = System/Library/Frameworks/QuartzCore.framework; sourceTree = SDKROOT; };
		91B7A7AB1833C96100D01519 /* page.png */ = {isa = PBXFileReference; lastKnownFileType = image.png; path = page.png; sourceTree = "<group>"; };
/* End PBXFileReference section */

/* Begin PBXFrameworksBuildPhase section */
		91A21D8F1821043200DB508B /* Frameworks */ = {
			isa = PBXFrameworksBuildPhase;
			buildActionMask = 2147483647;
			files = (
				91B7A7AA1833C82E00D01519 /* QuartzCore.framework in Frameworks */,
				91A21D981821043200DB508B /* CoreGraphics.framework in Frameworks */,
				91A21D9A1821043200DB508B /* UIKit.framework in Frameworks */,
				91A21D961821043200DB508B /* Foundation.framework in Frameworks */,
			);
			runOnlyForDeploymentPostprocessing = 0;
		};
		91A21DAA1821043300DB508B /* Frameworks */ = {
			isa = PBXFrameworksBuildPhase;
			buildActionMask = 2147483647;
			files = (
				91A21DAF1821043300DB508B /* XCTest.framework in Frameworks */,
				91A21DB11821043300DB508B /* UIKit.framework in Frameworks */,
				91A21DB01821043300DB508B /* Foundation.framework in Frameworks */,
			);
			runOnlyForDeploymentPostprocessing = 0;
		};
/* End PBXFrameworksBuildPhase section */

/* Begin PBXGroup section */
		91A21D891821043200DB508B = {
			isa = PBXGroup;
			children = (
				91B7A7A51833C82300D01519 /* iCarousel */,
				91A21D9B1821043200DB508B /* TimeLine */,
				91A21DB41821043300DB508B /* TimeLineTests */,
				91A21D941821043200DB508B /* Frameworks */,
				91A21D931821043200DB508B /* Products */,
			);
			sourceTree = "<group>";
		};
		91A21D931821043200DB508B /* Products */ = {
			isa = PBXGroup;
			children = (
				91A21D921821043200DB508B /* TimeLine.app */,
				91A21DAD1821043300DB508B /* TimeLineTests.xctest */,
			);
			name = Products;
			sourceTree = "<group>";
		};
		91A21D941821043200DB508B /* Frameworks */ = {
			isa = PBXGroup;
			children = (
				91B7A7A91833C82E00D01519 /* QuartzCore.framework */,
				91A21D951821043200DB508B /* Foundation.framework */,
				91A21D971821043200DB508B /* CoreGraphics.framework */,
				91A21D991821043200DB508B /* UIKit.framework */,
				91A21DAE1821043300DB508B /* XCTest.framework */,
			);
			name = Frameworks;
			sourceTree = "<group>";
		};
		91A21D9B1821043200DB508B /* TimeLine */ = {
			isa = PBXGroup;
			children = (
				91A21D9C1821043200DB508B /* Supporting Files */,
				91B7A7AD1833C96900D01519 /* Resources */,
				91A21DC91821079B00DB508B /* TimeLineView.h */,
				91A21DCA1821079B00DB508B /* TimeLineView.m */,
				33AA23B0182184DA00855D97 /* TimeLineButton.h */,
				33AA23B1182184DA00855D97 /* TimeLineButton.m */,
				91A21DC41821045C00DB508B /* TimeLineViewController.h */,
				91A21DC51821045C00DB508B /* TimeLineViewController.m */,
				91A21DC61821045C00DB508B /* TimeLineViewController.xib */,
				91A21DA41821043300DB508B /* PPAppDelegate.h */,
				91A21DA51821043300DB508B /* PPAppDelegate.m */,
				91A21DA71821043300DB508B /* Images.xcassets */,
			);
			path = TimeLine;
			sourceTree = "<group>";
		};
		91A21D9C1821043200DB508B /* Supporting Files */ = {
			isa = PBXGroup;
			children = (
				91A21D9D1821043200DB508B /* TimeLine-Info.plist */,
				91A21D9E1821043300DB508B /* InfoPlist.strings */,
				91A21DA11821043300DB508B /* main.m */,
				91A21DA31821043300DB508B /* TimeLine-Prefix.pch */,
			);
			name = "Supporting Files";
			sourceTree = "<group>";
		};
		91A21DB41821043300DB508B /* TimeLineTests */ = {
			isa = PBXGroup;
			children = (
				91A21DBA1821043300DB508B /* TimeLineTests.m */,
				91A21DB51821043300DB508B /* Supporting Files */,
			);
			path = TimeLineTests;
			sourceTree = "<group>";
		};
		91A21DB51821043300DB508B /* Supporting Files */ = {
			isa = PBXGroup;
			children = (
				91A21DB61821043300DB508B /* TimeLineTests-Info.plist */,
				91A21DB71821043300DB508B /* InfoPlist.strings */,
			);
			name = "Supporting Files";
			sourceTree = "<group>";
		};
		91B7A7A51833C82300D01519 /* iCarousel */ = {
			isa = PBXGroup;
			children = (
				91B7A7A61833C82300D01519 /* iCarousel.h */,
				91B7A7A71833C82300D01519 /* iCarousel.m */,
			);
			path = iCarousel;
			sourceTree = "<group>";
		};
		91B7A7AD1833C96900D01519 /* Resources */ = {
			isa = PBXGroup;
			children = (
				91B7A7AB1833C96100D01519 /* page.png */,
			);
			name = Resources;
			sourceTree = "<group>";
		};
/* End PBXGroup section */

/* Begin PBXNativeTarget section */
		91A21D911821043200DB508B /* TimeLine */ = {
			isa = PBXNativeTarget;
			buildConfigurationList = 91A21DBE1821043300DB508B /* Build configuration list for PBXNativeTarget "TimeLine" */;
			buildPhases = (
				91A21D8E1821043200DB508B /* Sources */,
				91A21D8F1821043200DB508B /* Frameworks */,
				91A21D901821043200DB508B /* Resources */,
			);
			buildRules = (
			);
			dependencies = (
			);
			name = TimeLine;
			productName = TimeLine;
			productReference = 91A21D921821043200DB508B /* TimeLine.app */;
			productType = "com.apple.product-type.application";
		};
		91A21DAC1821043300DB508B /* TimeLineTests */ = {
			isa = PBXNativeTarget;
			buildConfigurationList = 91A21DC11821043300DB508B /* Build configuration list for PBXNativeTarget "TimeLineTests" */;
			buildPhases = (
				91A21DA91821043300DB508B /* Sources */,
				91A21DAA1821043300DB508B /* Frameworks */,
				91A21DAB1821043300DB508B /* Resources */,
			);
			buildRules = (
			);
			dependencies = (
				91A21DB31821043300DB508B /* PBXTargetDependency */,
			);
			name = TimeLineTests;
			productName = TimeLineTests;
			productReference = 91A21DAD1821043300DB508B /* TimeLineTests.xctest */;
			productType = "com.apple.product-type.bundle.unit-test";
		};
/* End PBXNativeTarget section */

/* Begin PBXProject section */
		91A21D8A1821043200DB508B /* Project object */ = {
			isa = PBXProject;
			attributes = {
				CLASSPREFIX = PP;
				LastUpgradeCheck = 0500;
				ORGANIZATIONNAME = "WEIDMANN Kolin";
				TargetAttributes = {
					91A21DAC1821043300DB508B = {
						TestTargetID = 91A21D911821043200DB508B;
					};
				};
			};
			buildConfigurationList = 91A21D8D1821043200DB508B /* Build configuration list for PBXProject "TimeLine" */;
			compatibilityVersion = "Xcode 3.2";
			developmentRegion = English;
			hasScannedForEncodings = 0;
			knownRegions = (
				en,
			);
			mainGroup = 91A21D891821043200DB508B;
			productRefGroup = 91A21D931821043200DB508B /* Products */;
			projectDirPath = "";
			projectRoot = "";
			targets = (
				91A21D911821043200DB508B /* TimeLine */,
				91A21DAC1821043300DB508B /* TimeLineTests */,
			);
		};
/* End PBXProject section */

/* Begin PBXResourcesBuildPhase section */
		91A21D901821043200DB508B /* Resources */ = {
			isa = PBXResourcesBuildPhase;
			buildActionMask = 2147483647;
			files = (
				91B7A7AC1833C96100D01519 /* page.png in Resources */,
				91A21DC81821045C00DB508B /* TimeLineViewController.xib in Resources */,
				91A21DA01821043300DB508B /* InfoPlist.strings in Resources */,
				91A21DA81821043300DB508B /* Images.xcassets in Resources */,
			);
			runOnlyForDeploymentPostprocessing = 0;
		};
		91A21DAB1821043300DB508B /* Resources */ = {
			isa = PBXResourcesBuildPhase;
			buildActionMask = 2147483647;
			files = (
				91A21DB91821043300DB508B /* InfoPlist.strings in Resources */,
			);
			runOnlyForDeploymentPostprocessing = 0;
		};
/* End PBXResourcesBuildPhase section */

/* Begin PBXSourcesBuildPhase section */
		91A21D8E1821043200DB508B /* Sources */ = {
			isa = PBXSourcesBuildPhase;
			buildActionMask = 2147483647;
			files = (
				91A21DA61821043300DB508B /* PPAppDelegate.m in Sources */,
				91A21DC71821045C00DB508B /* TimeLineViewController.m in Sources */,
				91A21DA21821043300DB508B /* main.m in Sources */,
				91B7A7A81833C82300D01519 /* iCarousel.m in Sources */,
				91A21DCB1821079B00DB508B /* TimeLineView.m in Sources */,
				33AA23B2182184DA00855D97 /* TimeLineButton.m in Sources */,
			);
			runOnlyForDeploymentPostprocessing = 0;
		};
		91A21DA91821043300DB508B /* Sources */ = {
			isa = PBXSourcesBuildPhase;
			buildActionMask = 2147483647;
			files = (
				91A21DBB1821043300DB508B /* TimeLineTests.m in Sources */,
			);
			runOnlyForDeploymentPostprocessing = 0;
		};
/* End PBXSourcesBuildPhase section */

/* Begin PBXTargetDependency section */
		91A21DB31821043300DB508B /* PBXTargetDependency */ = {
			isa = PBXTargetDependency;
			target = 91A21D911821043200DB508B /* TimeLine */;
			targetProxy = 91A21DB21821043300DB508B /* PBXContainerItemProxy */;
		};
/* End PBXTargetDependency section */

/* Begin PBXVariantGroup section */
		91A21D9E1821043300DB508B /* InfoPlist.strings */ = {
			isa = PBXVariantGroup;
			children = (
				91A21D9F1821043300DB508B /* en */,
			);
			name = InfoPlist.strings;
			sourceTree = "<group>";
		};
		91A21DB71821043300DB508B /* InfoPlist.strings */ = {
			isa = PBXVariantGroup;
			children = (
				91A21DB81821043300DB508B /* en */,
			);
			name = InfoPlist.strings;
			sourceTree = "<group>";
		};
/* End PBXVariantGroup section */

/* Begin XCBuildConfiguration section */
		91A21DBC1821043300DB508B /* Debug */ = {
			isa = XCBuildConfiguration;
			buildSettings = {
				ALWAYS_SEARCH_USER_PATHS = NO;
				ARCHS = "$(ARCHS_STANDARD_INCLUDING_64_BIT)";
				CLANG_CXX_LANGUAGE_STANDARD = "gnu++0x";
				CLANG_CXX_LIBRARY = "libc++";
				CLANG_ENABLE_MODULES = YES;
				CLANG_ENABLE_OBJC_ARC = YES;
				CLANG_WARN_BOOL_CONVERSION = YES;
				CLANG_WARN_CONSTANT_CONVERSION = YES;
				CLANG_WARN_DIRECT_OBJC_ISA_USAGE = YES_ERROR;
				CLANG_WARN_EMPTY_BODY = YES;
				CLANG_WARN_ENUM_CONVERSION = YES;
				CLANG_WARN_INT_CONVERSION = YES;
				CLANG_WARN_OBJC_ROOT_CLASS = YES_ERROR;
				CLANG_WARN__DUPLICATE_METHOD_MATCH = YES;
				"CODE_SIGN_IDENTITY[sdk=iphoneos*]" = "iPhone Developer";
				COPY_PHASE_STRIP = NO;
				GCC_C_LANGUAGE_STANDARD = gnu99;
				GCC_DYNAMIC_NO_PIC = NO;
				GCC_OPTIMIZATION_LEVEL = 0;
				GCC_PREPROCESSOR_DEFINITIONS = (
					"DEBUG=1",
					"$(inherited)",
				);
				GCC_SYMBOLS_PRIVATE_EXTERN = NO;
				GCC_WARN_64_TO_32_BIT_CONVERSION = YES;
				GCC_WARN_ABOUT_RETURN_TYPE = YES_ERROR;
				GCC_WARN_UNDECLARED_SELECTOR = YES;
				GCC_WARN_UNINITIALIZED_AUTOS = YES;
				GCC_WARN_UNUSED_FUNCTION = YES;
				GCC_WARN_UNUSED_VARIABLE = YES;
				IPHONEOS_DEPLOYMENT_TARGET = 7.0;
				ONLY_ACTIVE_ARCH = YES;
				SDKROOT = iphoneos;
			};
			name = Debug;
		};
		91A21DBD1821043300DB508B /* Release */ = {
			isa = XCBuildConfiguration;
			buildSettings = {
				ALWAYS_SEARCH_USER_PATHS = NO;
				ARCHS = "$(ARCHS_STANDARD_INCLUDING_64_BIT)";
				CLANG_CXX_LANGUAGE_STANDARD = "gnu++0x";
				CLANG_CXX_LIBRARY = "libc++";
				CLANG_ENABLE_MODULES = YES;
				CLANG_ENABLE_OBJC_ARC = YES;
				CLANG_WARN_BOOL_CONVERSION = YES;
				CLANG_WARN_CONSTANT_CONVERSION = YES;
				CLANG_WARN_DIRECT_OBJC_ISA_USAGE = YES_ERROR;
				CLANG_WARN_EMPTY_BODY = YES;
				CLANG_WARN_ENUM_CONVERSION = YES;
				CLANG_WARN_INT_CONVERSION = YES;
				CLANG_WARN_OBJC_ROOT_CLASS = YES_ERROR;
				CLANG_WARN__DUPLICATE_METHOD_MATCH = YES;
				"CODE_SIGN_IDENTITY[sdk=iphoneos*]" = "iPhone Developer";
				COPY_PHASE_STRIP = YES;
				ENABLE_NS_ASSERTIONS = NO;
				GCC_C_LANGUAGE_STANDARD = gnu99;
				GCC_WARN_64_TO_32_BIT_CONVERSION = YES;
				GCC_WARN_ABOUT_RETURN_TYPE = YES_ERROR;
				GCC_WARN_UNDECLARED_SELECTOR = YES;
				GCC_WARN_UNINITIALIZED_AUTOS = YES;
				GCC_WARN_UNUSED_FUNCTION = YES;
				GCC_WARN_UNUSED_VARIABLE = YES;
				IPHONEOS_DEPLOYMENT_TARGET = 7.0;
				SDKROOT = iphoneos;
				VALIDATE_PRODUCT = YES;
			};
			name = Release;
		};
		91A21DBF1821043300DB508B /* Debug */ = {
			isa = XCBuildConfiguration;
			buildSettings = {
				ASSETCATALOG_COMPILER_APPICON_NAME = AppIcon;
				ASSETCATALOG_COMPILER_LAUNCHIMAGE_NAME = LaunchImage;
				GCC_PRECOMPILE_PREFIX_HEADER = YES;
				GCC_PREFIX_HEADER = "TimeLine/TimeLine-Prefix.pch";
				INFOPLIST_FILE = "TimeLine/TimeLine-Info.plist";
				PRODUCT_NAME = "$(TARGET_NAME)";
				WRAPPER_EXTENSION = app;
			};
			name = Debug;
		};
		91A21DC01821043300DB508B /* Release */ = {
			isa = XCBuildConfiguration;
			buildSettings = {
				ASSETCATALOG_COMPILER_APPICON_NAME = AppIcon;
				ASSETCATALOG_COMPILER_LAUNCHIMAGE_NAME = LaunchImage;
				GCC_PRECOMPILE_PREFIX_HEADER = YES;
				GCC_PREFIX_HEADER = "TimeLine/TimeLine-Prefix.pch";
				INFOPLIST_FILE = "TimeLine/TimeLine-Info.plist";
				PRODUCT_NAME = "$(TARGET_NAME)";
				WRAPPER_EXTENSION = app;
			};
			name = Release;
		};
		91A21DC21821043300DB508B /* Debug */ = {
			isa = XCBuildConfiguration;
			buildSettings = {
				ARCHS = "$(ARCHS_STANDARD_INCLUDING_64_BIT)";
				BUNDLE_LOADER = "$(BUILT_PRODUCTS_DIR)/TimeLine.app/TimeLine";
				FRAMEWORK_SEARCH_PATHS = (
					"$(SDKROOT)/Developer/Library/Frameworks",
					"$(inherited)",
					"$(DEVELOPER_FRAMEWORKS_DIR)",
				);
				GCC_PRECOMPILE_PREFIX_HEADER = YES;
				GCC_PREFIX_HEADER = "TimeLine/TimeLine-Prefix.pch";
				GCC_PREPROCESSOR_DEFINITIONS = (
					"DEBUG=1",
					"$(inherited)",
				);
				INFOPLIST_FILE = "TimeLineTests/TimeLineTests-Info.plist";
				PRODUCT_NAME = "$(TARGET_NAME)";
				TEST_HOST = "$(BUNDLE_LOADER)";
				WRAPPER_EXTENSION = xctest;
			};
			name = Debug;
		};
		91A21DC31821043300DB508B /* Release */ = {
			isa = XCBuildConfiguration;
			buildSettings = {
				ARCHS = "$(ARCHS_STANDARD_INCLUDING_64_BIT)";
				BUNDLE_LOADER = "$(BUILT_PRODUCTS_DIR)/TimeLine.app/TimeLine";
				FRAMEWORK_SEARCH_PATHS = (
					"$(SDKROOT)/Developer/Library/Frameworks",
					"$(inherited)",
					"$(DEVELOPER_FRAMEWORKS_DIR)",
				);
				GCC_PRECOMPILE_PREFIX_HEADER = YES;
				GCC_PREFIX_HEADER = "TimeLine/TimeLine-Prefix.pch";
				INFOPLIST_FILE = "TimeLineTests/TimeLineTests-Info.plist";
				PRODUCT_NAME = "$(TARGET_NAME)";
				TEST_HOST = "$(BUNDLE_LOADER)";
				WRAPPER_EXTENSION = xctest;
			};
			name = Release;
		};
/* End XCBuildConfiguration section */

/* Begin XCConfigurationList section */
		91A21D8D1821043200DB508B /* Build configuration list for PBXProject "TimeLine" */ = {
			isa = XCConfigurationList;
			buildConfigurations = (
				91A21DBC1821043300DB508B /* Debug */,
				91A21DBD1821043300DB508B /* Release */,
			);
			defaultConfigurationIsVisible = 0;
			defaultConfigurationName = Release;
		};
		91A21DBE1821043300DB508B /* Build configuration list for PBXNativeTarget "TimeLine" */ = {
			isa = XCConfigurationList;
			buildConfigurations = (
				91A21DBF1821043300DB508B /* Debug */,
				91A21DC01821043300DB508B /* Release */,
			);
			defaultConfigurationIsVisible = 0;
			defaultConfigurationName = Release;
		};
		91A21DC11821043300DB508B /* Build configuration list for PBXNativeTarget "TimeLineTests" */ = {
			isa = XCConfigurationList;
			buildConfigurations = (
				91A21DC21821043300DB508B /* Debug */,
				91A21DC31821043300DB508B /* Release */,
			);
			defaultConfigurationIsVisible = 0;
			defaultConfigurationName = Release;
		};
/* End XCConfigurationList section */
	};
	rootObject = 91A21D8A1821043200DB508B /* Project object */;
}
